
Microsoft Visual Studio Solution File, Format Version 12.00
# Visual Studio Version 17
VisualStudioVersion = 17.7.34202.233
MinimumVisualStudioVersion = 10.0.40219.1
Project("{FAE04EC0-301F-11D3-BF4B-00C04F79EFBC}") = "HFT.6.11", "HFT.6.11\HFT.6.11.csproj", "{2C41ECCE-41DB-47EC-B46F-599A7E9B37DD}"
EndProject
Global
	GlobalSection(SolutionConfigurationPlatforms) = preSolution
		Debug|Any CPU = Debug|Any CPU
		Release|Any CPU = Release|Any CPU
	EndGlobalSection
	GlobalSection(ProjectConfigurationPlatforms) = postSolution
		{2C41ECCE-41DB-47EC-B46F-599A7E9B37DD}.Debug|Any CPU.ActiveCfg = Debug|Any CPU
		{2C41ECCE-41DB-47EC-B46F-599A7E9B37DD}.Debug|Any CPU.Build.0 = Debug|Any CPU
		{2C41ECCE-41DB-47EC-B46F-599A7E9B37DD}.Release|Any CPU.ActiveCfg = Release|Any CPU
		{2C41ECCE-41DB-47EC-B46F-599A7E9B37DD}.Release|Any CPU.Build.0 = Release|Any CPU
	EndGlobalSection
	GlobalSection(SolutionProperties) = preSolution
		HideSolutionNode = FALSE
	EndGlobalSection
	GlobalSection(ExtensibilityGlobals) = postSolution
		SolutionGuid = {77CAE610-0579-42D5-BC6A-66CE8F041464}
	EndGlobalSection
EndGlobal
